
Microsoft Visual Studio Solution File, Format Version 12.00
# Visual Studio 15
Project("{FAE04EC0-301F-11D3-BF4B-00C04F79EFBC}") = "theVRproject", "Assembly-CSharp.csproj", "{D8562EFF-0DB6-D241-13FB-1CD28A65E419}"
EndProject
Project("{FAE04EC0-301F-11D3-BF4B-00C04F79EFBC}") = "theVRproject", "Assembly-CSharp-Editor.csproj", "{684E7FC6-60F4-0256-7104-62779575D3D3}"
EndProject
Global
	GlobalSection(SolutionConfigurationPlatforms) = preSolution
		Debug|Any CPU = Debug|Any CPU
		Release|Any CPU = Release|Any CPU
	EndGlobalSection
	GlobalSection(ProjectConfigurationPlatforms) = postSolution
		{D8562EFF-0DB6-D241-13FB-1CD28A65E419}.Debug|Any CPU.ActiveCfg = Debug|Any CPU
		{D8562EFF-0DB6-D241-13FB-1CD28A65E419}.Debug|Any CPU.Build.0 = Debug|Any CPU
		{D8562EFF-0DB6-D241-13FB-1CD28A65E419}.Release|Any CPU.ActiveCfg = Release|Any CPU
		{D8562EFF-0DB6-D241-13FB-1CD28A65E419}.Release|Any CPU.Build.0 = Release|Any CPU
		{684E7FC6-60F4-0256-7104-62779575D3D3}.Debug|Any CPU.ActiveCfg = Debug|Any CPU
		{684E7FC6-60F4-0256-7104-62779575D3D3}.Debug|Any CPU.Build.0 = Debug|Any CPU
		{684E7FC6-60F4-0256-7104-62779575D3D3}.Release|Any CPU.ActiveCfg = Release|Any CPU
		{684E7FC6-60F4-0256-7104-62779575D3D3}.Release|Any CPU.Build.0 = Release|Any CPU
	EndGlobalSection
	GlobalSection(SolutionProperties) = preSolution
		HideSolutionNode = FALSE
	EndGlobalSection
EndGlobal
